
Microsoft Visual Studio Solution File, Format Version 12.00
# Visual Studio Version 18
VisualStudioVersion = 18.2.11415.280 d18.0
MinimumVisualStudioVersion = 10.0.40219.1
Project("{FAE04EC0-301F-11D3-BF4B-00C04F79EFBC}") = "ExcelCLI", "ExcelCLI.csproj", "{415BD42F-68E8-1FCA-041E-79017AA5773B}"
EndProject
Global
	GlobalSection(SolutionConfigurationPlatforms) = preSolution
		Debug|Any CPU = Debug|Any CPU
		Release|Any CPU = Release|Any CPU
	EndGlobalSection
	GlobalSection(ProjectConfigurationPlatforms) = postSolution
		{415BD42F-68E8-1FCA-041E-79017AA5773B}.Debug|Any CPU.ActiveCfg = Debug|Any CPU
		{415BD42F-68E8-1FCA-041E-79017AA5773B}.Debug|Any CPU.Build.0 = Debug|Any CPU
		{415BD42F-68E8-1FCA-041E-79017AA5773B}.Release|Any CPU.ActiveCfg = Release|Any CPU
		{415BD42F-68E8-1FCA-041E-79017AA5773B}.Release|Any CPU.Build.0 = Release|Any CPU
	EndGlobalSection
	GlobalSection(SolutionProperties) = preSolution
		HideSolutionNode = FALSE
	EndGlobalSection
	GlobalSection(ExtensibilityGlobals) = postSolution
		SolutionGuid = {3E02A3CF-3CF6-4922-B598-B9DEFC1B34C7}
	EndGlobalSection
EndGlobal
